<?xml version="1.0" encoding="utf-8"?>
<Project ToolsVersion="4.0" xmlns="http://schemas.microsoft.com/developer/msbuild/2003">
  <ItemGroup>
    <Filter Include="Source Files">
      <UniqueIdentifier>{4FC737F1-C7A5-4376-A066-2A32D752A2FF}</UniqueIdentifier>
      <Extensions>cpp;c;cc;cxx;def;odl;idl;hpj;bat;asm;asmx</Extensions>
    </Filter>
    <Filter Include="Header Files">
      <UniqueIdentifier>{93995380-89BD-4b04-88EB-625FBE52EBFB}</UniqueIdentifier>
      <Extensions>h;hpp;hxx;hm;inl;inc;xsd</Extensions>
    </Filter>
    <Filter Include="Resource Files">
      <UniqueIdentifier>{67DA6AB6-F800-4c08-8B7A-83BB121AAD01}</UniqueIdentifier>
      <Extensions>rc;ico;cur;bmp;dlg;rc2;rct;bin;rgs;gif;jpg;jpeg;jpe;resx;tiff;tif;png;wav;mfcribbon-ms</Extensions>
    </Filter>
    <Filter Include="Source Files\sfMidi">
      <UniqueIdentifier>{3cf550db-3a98-4e33-bb49-17e8c5ee9860}</UniqueIdentifier>
    </Filter>
    <Filter Include="Header Files\sfMidi">
      <UniqueIdentifier>{60b3e2c7-f2f2-48b7-8f4f-703739ee9a9c}</UniqueIdentifier>
    </Filter>
  </ItemGroup>
  <ItemGroup>
    <ClInclude Include="include\sfMidi.h">
      <Filter>Header Files</Filter>
    </ClInclude>
    <ClInclude Include="include\sfMidi\Midi.h">
      <Filter>Header Files\sfMidi</Filter>
    </ClInclude>
    <ClInclude Include="include\sfMidi\Loader.h">
      <Filter>Header Files\sfMidi</Filter>
    </ClInclude>
    <ClInclude Include="include\sfMidi\Music.h">
      <Filter>Header Files\sfMidi</Filter>
    </ClInclude>
    <ClInclude Include="include\sfMidi\Error.h">
      <Filter>Header Files\sfMidi</Filter>
    </ClInclude>
  </ItemGroup>
  <ItemGroup>
    <ClCompile Include="src\sfMidi\Midi.cpp">
      <Filter>Source Files\sfMidi</Filter>
    </ClCompile>
    <ClCompile Include="src\sfMidi\Loader.cpp">
      <Filter>Source Files\sfMidi</Filter>
    </ClCompile>
    <ClCompile Include="src\sfMidi\Music.cpp">
      <Filter>Source Files\sfMidi</Filter>
    </ClCompile>
  </ItemGroup>
</Project>